// !$*UTF8*$!
{
	archiveVersion = 1;
	classes = {
	};
	objectVersion = 46;
	objects = {

/* Begin PBXBuildFile section */
		E5323C399A4B6575FC3C6E74 /* Pods.framework in Frameworks */ = {isa = PBXBuildFile; fileRef = BB0D18F75B7497443EAB5D5E /* Pods.framework */; settings = {ATTRIBUTES = (Weak, ); }; };
		EB1520151B6030960081376C /* MapViewController.swift in Sources */ = {isa = PBXBuildFile; fileRef = EB1520141B6030960081376C /* MapViewController.swift */; };
		EB47065F1B60301600CD1611 /* AppDelegate.swift in Sources */ = {isa = PBXBuildFile; fileRef = EB47065E1B60301600CD1611 /* AppDelegate.swift */; };
		EB4706641B60301600CD1611 /* Main.storyboard in Resources */ = {isa = PBXBuildFile; fileRef = EB4706621B60301600CD1611 /* Main.storyboard */; };
		EB4706661B60301600CD1611 /* Images.xcassets in Resources */ = {isa = PBXBuildFile; fileRef = EB4706651B60301600CD1611 /* Images.xcassets */; };
		EB4706691B60301600CD1611 /* LaunchScreen.xib in Resources */ = {isa = PBXBuildFile; fileRef = EB4706671B60301600CD1611 /* LaunchScreen.xib */; };
		EB4706751B60301600CD1611 /* AtlasTests.swift in Sources */ = {isa = PBXBuildFile; fileRef = EB4706741B60301600CD1611 /* AtlasTests.swift */; };
/* End PBXBuildFile section */

/* Begin PBXContainerItemProxy section */
		EB47066F1B60301600CD1611 /* PBXContainerItemProxy */ = {
			isa = PBXContainerItemProxy;
			containerPortal = EB4706511B60301600CD1611 /* Project object */;
			proxyType = 1;
			remoteGlobalIDString = EB4706581B60301600CD1611;
			remoteInfo = Atlas;
		};
/* End PBXContainerItemProxy section */

/* Begin PBXFileReference section */
		2AB93A3E031D2BED2A17EBB0 /* Pods.debug.xcconfig */ = {isa = PBXFileReference; includeInIndex = 1; lastKnownFileType = text.xcconfig; name = Pods.debug.xcconfig; path = "Pods/Target Support Files/Pods/Pods.debug.xcconfig"; sourceTree = "<group>"; };
		53ABC2457894E5C5759FF591 /* Pods.release.xcconfig */ = {isa = PBXFileReference; includeInIndex = 1; lastKnownFileType = text.xcconfig; name = Pods.release.xcconfig; path = "Pods/Target Support Files/Pods/Pods.release.xcconfig"; sourceTree = "<group>"; };
		BB0D18F75B7497443EAB5D5E /* Pods.framework */ = {isa = PBXFileReference; explicitFileType = wrapper.framework; includeInIndex = 0; path = Pods.framework; sourceTree = BUILT_PRODUCTS_DIR; };
		EB1520141B6030960081376C /* MapViewController.swift */ = {isa = PBXFileReference; fileEncoding = 4; lastKnownFileType = sourcecode.swift; path = MapViewController.swift; sourceTree = "<group>"; };
		EB4706591B60301600CD1611 /* Atlas.app */ = {isa = PBXFileReference; explicitFileType = wrapper.application; includeInIndex = 0; path = Atlas.app; sourceTree = BUILT_PRODUCTS_DIR; };
		EB47065D1B60301600CD1611 /* Info.plist */ = {isa = PBXFileReference; lastKnownFileType = text.plist.xml; path = Info.plist; sourceTree = "<group>"; };
		EB47065E1B60301600CD1611 /* AppDelegate.swift */ = {isa = PBXFileReference; lastKnownFileType = sourcecode.swift; path = AppDelegate.swift; sourceTree = "<group>"; };
		EB4706631B60301600CD1611 /* Base */ = {isa = PBXFileReference; lastKnownFileType = file.storyboard; name = Base; path = Base.lproj/Main.storyboard; sourceTree = "<group>"; };
		EB4706651B60301600CD1611 /* Images.xcassets */ = {isa = PBXFileReference; lastKnownFileType = folder.assetcatalog; path = Images.xcassets; sourceTree = "<group>"; };
		EB4706681B60301600CD1611 /* Base */ = {isa = PBXFileReference; lastKnownFileType = file.xib; name = Base; path = Base.lproj/LaunchScreen.xib; sourceTree = "<group>"; };
		EB47066E1B60301600CD1611 /* AtlasTests.xctest */ = {isa = PBXFileReference; explicitFileType = wrapper.cfbundle; includeInIndex = 0; path = AtlasTests.xctest; sourceTree = BUILT_PRODUCTS_DIR; };
		EB4706731B60301600CD1611 /* Info.plist */ = {isa = PBXFileReference; lastKnownFileType = text.plist.xml; path = Info.plist; sourceTree = "<group>"; };
		EB4706741B60301600CD1611 /* AtlasTests.swift */ = {isa = PBXFileReference; lastKnownFileType = sourcecode.swift; path = AtlasTests.swift; sourceTree = "<group>"; };
/* End PBXFileReference section */

/* Begin PBXFrameworksBuildPhase section */
		EB4706561B60301600CD1611 /* Frameworks */ = {
			isa = PBXFrameworksBuildPhase;
			buildActionMask = 2147483647;
			files = (
				E5323C399A4B6575FC3C6E74 /* Pods.framework in Frameworks */,
			);
			runOnlyForDeploymentPostprocessing = 0;
		};
		EB47066B1B60301600CD1611 /* Frameworks */ = {
			isa = PBXFrameworksBuildPhase;
			buildActionMask = 2147483647;
			files = (
			);
			runOnlyForDeploymentPostprocessing = 0;
		};
/* End PBXFrameworksBuildPhase section */

/* Begin PBXGroup section */
		628FE986A0B6A58AD039035E /* Pods */ = {
			isa = PBXGroup;
			children = (
				2AB93A3E031D2BED2A17EBB0 /* Pods.debug.xcconfig */,
				53ABC2457894E5C5759FF591 /* Pods.release.xcconfig */,
			);
			name = Pods;
			sourceTree = "<group>";
		};
		7ACE909882A656A496CAB131 /* Frameworks */ = {
			isa = PBXGroup;
			children = (
				BB0D18F75B7497443EAB5D5E /* Pods.framework */,
			);
			name = Frameworks;
			sourceTree = "<group>";
		};
		EB1520131B60308A0081376C /* View Controllers */ = {
			isa = PBXGroup;
			children = (
				EB1520141B6030960081376C /* MapViewController.swift */,
			);
			name = "View Controllers";
			sourceTree = "<group>";
		};
		EB4706501B60301600CD1611 = {
			isa = PBXGroup;
			children = (
				EB47065B1B60301600CD1611 /* Atlas */,
				EB4706711B60301600CD1611 /* AtlasTests */,
				EB47065A1B60301600CD1611 /* Products */,
				628FE986A0B6A58AD039035E /* Pods */,
				7ACE909882A656A496CAB131 /* Frameworks */,
			);
			sourceTree = "<group>";
		};
		EB47065A1B60301600CD1611 /* Products */ = {
			isa = PBXGroup;
			children = (
				EB4706591B60301600CD1611 /* Atlas.app */,
				EB47066E1B60301600CD1611 /* AtlasTests.xctest */,
			);
			name = Products;
			sourceTree = "<group>";
		};
		EB47065B1B60301600CD1611 /* Atlas */ = {
			isa = PBXGroup;
			children = (
				EB1520131B60308A0081376C /* View Controllers */,
				EB47065E1B60301600CD1611 /* AppDelegate.swift */,
				EB4706621B60301600CD1611 /* Main.storyboard */,
				EB4706651B60301600CD1611 /* Images.xcassets */,
				EB4706671B60301600CD1611 /* LaunchScreen.xib */,
				EB47065C1B60301600CD1611 /* Supporting Files */,
			);
			path = Atlas;
			sourceTree = "<group>";
		};
		EB47065C1B60301600CD1611 /* Supporting Files */ = {
			isa = PBXGroup;
			children = (
				EB47065D1B60301600CD1611 /* Info.plist */,
			);
			name = "Supporting Files";
			sourceTree = "<group>";
		};
		EB4706711B60301600CD1611 /* AtlasTests */ = {
			isa = PBXGroup;
			children = (
				EB4706741B60301600CD1611 /* AtlasTests.swift */,
				EB4706721B60301600CD1611 /* Supporting Files */,
			);
			path = AtlasTests;
			sourceTree = "<group>";
		};
		EB4706721B60301600CD1611 /* Supporting Files */ = {
			isa = PBXGroup;
			children = (
				EB4706731B60301600CD1611 /* Info.plist */,
			);
			name = "Supporting Files";
			sourceTree = "<group>";
		};
/* End PBXGroup section */

/* Begin PBXNativeTarget section */
		EB4706581B60301600CD1611 /* Atlas */ = {
			isa = PBXNativeTarget;
			buildConfigurationList = EB4706781B60301600CD1611 /* Build configuration list for PBXNativeTarget "Atlas" */;
			buildPhases = (
				82596DCD7B0FCC24CB546BA2 /* Check Pods Manifest.lock */,
				EB4706551B60301600CD1611 /* Sources */,
				EB4706561B60301600CD1611 /* Frameworks */,
				EB4706571B60301600CD1611 /* Resources */,
				3CAE1736AFA0B4B9E8A91760 /* Copy Pods Resources */,
				89736ADB0A20A96F10CE567C /* Embed Pods Frameworks */,
			);
			buildRules = (
			);
			dependencies = (
			);
			name = Atlas;
			productName = Atlas;
			productReference = EB4706591B60301600CD1611 /* Atlas.app */;
			productType = "com.apple.product-type.application";
		};
		EB47066D1B60301600CD1611 /* AtlasTests */ = {
			isa = PBXNativeTarget;
			buildConfigurationList = EB47067B1B60301600CD1611 /* Build configuration list for PBXNativeTarget "AtlasTests" */;
			buildPhases = (
				EB47066A1B60301600CD1611 /* Sources */,
				EB47066B1B60301600CD1611 /* Frameworks */,
				EB47066C1B60301600CD1611 /* Resources */,
			);
			buildRules = (
			);
			dependencies = (
				EB4706701B60301600CD1611 /* PBXTargetDependency */,
			);
			name = AtlasTests;
			productName = AtlasTests;
			productReference = EB47066E1B60301600CD1611 /* AtlasTests.xctest */;
			productType = "com.apple.product-type.bundle.unit-test";
		};
/* End PBXNativeTarget section */

/* Begin PBXProject section */
		EB4706511B60301600CD1611 /* Project object */ = {
			isa = PBXProject;
			attributes = {
				LastSwiftUpdateCheck = 0700;
				LastUpgradeCheck = 0640;
				ORGANIZATIONNAME = "Jack Cook";
				TargetAttributes = {
					EB4706581B60301600CD1611 = {
						CreatedOnToolsVersion = 6.4;
						DevelopmentTeam = JDJKS788L2;
						SystemCapabilities = {
							com.apple.BackgroundModes = {
								enabled = 1;
							};
						};
					};
					EB47066D1B60301600CD1611 = {
						CreatedOnToolsVersion = 6.4;
						TestTargetID = EB4706581B60301600CD1611;
					};
				};
			};
			buildConfigurationList = EB4706541B60301600CD1611 /* Build configuration list for PBXProject "Atlas" */;
			compatibilityVersion = "Xcode 3.2";
			developmentRegion = English;
			hasScannedForEncodings = 0;
			knownRegions = (
				en,
				Base,
			);
			mainGroup = EB4706501B60301600CD1611;
			productRefGroup = EB47065A1B60301600CD1611 /* Products */;
			projectDirPath = "";
			projectRoot = "";
			targets = (
				EB4706581B60301600CD1611 /* Atlas */,
				EB47066D1B60301600CD1611 /* AtlasTests */,
			);
		};
/* End PBXProject section */

/* Begin PBXResourcesBuildPhase section */
		EB4706571B60301600CD1611 /* Resources */ = {
			isa = PBXResourcesBuildPhase;
			buildActionMask = 2147483647;
			files = (
				EB4706641B60301600CD1611 /* Main.storyboard in Resources */,
				EB4706691B60301600CD1611 /* LaunchScreen.xib in Resources */,
				EB4706661B60301600CD1611 /* Images.xcassets in Resources */,
			);
			runOnlyForDeploymentPostprocessing = 0;
		};
		EB47066C1B60301600CD1611 /* Resources */ = {
			isa = PBXResourcesBuildPhase;
			buildActionMask = 2147483647;
			files = (
			);
			runOnlyForDeploymentPostprocessing = 0;
		};
/* End PBXResourcesBuildPhase section */

/* Begin PBXShellScriptBuildPhase section */
		3CAE1736AFA0B4B9E8A91760 /* Copy Pods Resources */ = {
			isa = PBXShellScriptBuildPhase;
			buildActionMask = 2147483647;
			files = (
			);
			inputPaths = (
			);
			name = "Copy Pods Resources";
			outputPaths = (
			);
			runOnlyForDeploymentPostprocessing = 0;
			shellPath = /bin/sh;
			shellScript = "\"${SRCROOT}/Pods/Target Support Files/Pods/Pods-resources.sh\"\n";
			showEnvVarsInLog = 0;
		};
		82596DCD7B0FCC24CB546BA2 /* Check Pods Manifest.lock */ = {
			isa = PBXShellScriptBuildPhase;
			buildActionMask = 2147483647;
			files = (
			);
			inputPaths = (
			);
			name = "Check Pods Manifest.lock";
			outputPaths = (
			);
			runOnlyForDeploymentPostprocessing = 0;
			shellPath = /bin/sh;
			shellScript = "diff \"${PODS_ROOT}/../Podfile.lock\" \"${PODS_ROOT}/Manifest.lock\" > /dev/null\nif [[ $? != 0 ]] ; then\n    cat << EOM\nerror: The sandbox is not in sync with the Podfile.lock. Run 'pod install' or update your CocoaPods installation.\nEOM\n    exit 1\nfi\n";
			showEnvVarsInLog = 0;
		};
		89736ADB0A20A96F10CE567C /* Embed Pods Frameworks */ = {
			isa = PBXShellScriptBuildPhase;
			buildActionMask = 2147483647;
			files = (
			);
			inputPaths = (
			);
			name = "Embed Pods Frameworks";
			outputPaths = (
			);
			runOnlyForDeploymentPostprocessing = 0;
			shellPath = /bin/sh;
			shellScript = "\"${SRCROOT}/Pods/Target Support Files/Pods/Pods-frameworks.sh\"\n";
			showEnvVarsInLog = 0;
		};
/* End PBXShellScriptBuildPhase section */

/* Begin PBXSourcesBuildPhase section */
		EB4706551B60301600CD1611 /* Sources */ = {
			isa = PBXSourcesBuildPhase;
			buildActionMask = 2147483647;
			files = (
				EB47065F1B60301600CD1611 /* AppDelegate.swift in Sources */,
				EB1520151B6030960081376C /* MapViewController.swift in Sources */,
			);
			runOnlyForDeploymentPostprocessing = 0;
		};
		EB47066A1B60301600CD1611 /* Sources */ = {
			isa = PBXSourcesBuildPhase;
			buildActionMask = 2147483647;
			files = (
				EB4706751B60301600CD1611 /* AtlasTests.swift in Sources */,
			);
			runOnlyForDeploymentPostprocessing = 0;
		};
/* End PBXSourcesBuildPhase section */

/* Begin PBXTargetDependency section */
		EB4706701B60301600CD1611 /* PBXTargetDependency */ = {
			isa = PBXTargetDependency;
			target = EB4706581B60301600CD1611 /* Atlas */;
			targetProxy = EB47066F1B60301600CD1611 /* PBXContainerItemProxy */;
		};
/* End PBXTargetDependency section */

/* Begin PBXVariantGroup section */
		EB4706621B60301600CD1611 /* Main.storyboard */ = {
			isa = PBXVariantGroup;
			children = (
				EB4706631B60301600CD1611 /* Base */,
			);
			name = Main.storyboard;
			sourceTree = "<group>";
		};
		EB4706671B60301600CD1611 /* LaunchScreen.xib */ = {
			isa = PBXVariantGroup;
			children = (
				EB4706681B60301600CD1611 /* Base */,
			);
			name = LaunchScreen.xib;
			sourceTree = "<group>";
		};
/* End PBXVariantGroup section */

/* Begin XCBuildConfiguration section */
		EB4706761B60301600CD1611 /* Debug */ = {
			isa = XCBuildConfiguration;
			buildSettings = {
				ALWAYS_SEARCH_USER_PATHS = NO;
				CLANG_CXX_LANGUAGE_STANDARD = "gnu++0x";
				CLANG_CXX_LIBRARY = "libc++";
				CLANG_ENABLE_MODULES = YES;
				CLANG_ENABLE_OBJC_ARC = YES;
				CLANG_WARN_BOOL_CONVERSION = YES;
				CLANG_WARN_CONSTANT_CONVERSION = YES;
				CLANG_WARN_DIRECT_OBJC_ISA_USAGE = YES_ERROR;
				CLANG_WARN_EMPTY_BODY = YES;
				CLANG_WARN_ENUM_CONVERSION = YES;
				CLANG_WARN_INT_CONVERSION = YES;
				CLANG_WARN_OBJC_ROOT_CLASS = YES_ERROR;
				CLANG_WARN_UNREACHABLE_CODE = YES;
				CLANG_WARN__DUPLICATE_METHOD_MATCH = YES;
				"CODE_SIGN_IDENTITY[sdk=iphoneos*]" = "iPhone Developer";
				COPY_PHASE_STRIP = NO;
				DEBUG_INFORMATION_FORMAT = "dwarf-with-dsym";
				ENABLE_STRICT_OBJC_MSGSEND = YES;
				GCC_C_LANGUAGE_STANDARD = gnu99;
				GCC_DYNAMIC_NO_PIC = NO;
				GCC_NO_COMMON_BLOCKS = YES;
				GCC_OPTIMIZATION_LEVEL = 0;
				GCC_PREPROCESSOR_DEFINITIONS = (
					"DEBUG=1",
					"$(inherited)",
				);
				GCC_SYMBOLS_PRIVATE_EXTERN = NO;
				GCC_WARN_64_TO_32_BIT_CONVERSION = YES;
				GCC_WARN_ABOUT_RETURN_TYPE = YES_ERROR;
				GCC_WARN_UNDECLARED_SELECTOR = YES;
				GCC_WARN_UNINITIALIZED_AUTOS = YES_AGGRESSIVE;
				GCC_WARN_UNUSED_FUNCTION = YES;
				GCC_WARN_UNUSED_VARIABLE = YES;
				IPHONEOS_DEPLOYMENT_TARGET = 8.4;
				MTL_ENABLE_DEBUG_INFO = YES;
				ONLY_ACTIVE_ARCH = YES;
				OTHER_LDFLAGS = "-ObjC";
				SDKROOT = iphoneos;
				SWIFT_OPTIMIZATION_LEVEL = "-Onone";
				TARGETED_DEVICE_FAMILY = "1,2";
			};
			name = Debug;
		};
		EB4706771B60301600CD1611 /* Release */ = {
			isa = XCBuildConfiguration;
			buildSettings = {
				ALWAYS_SEARCH_USER_PATHS = NO;
				CLANG_CXX_LANGUAGE_STANDARD = "gnu++0x";
				CLANG_CXX_LIBRARY = "libc++";
				CLANG_ENABLE_MODULES = YES;
				CLANG_ENABLE_OBJC_ARC = YES;
				CLANG_WARN_BOOL_CONVERSION = YES;
				CLANG_WARN_CONSTANT_CONVERSION = YES;
				CLANG_WARN_DIRECT_OBJC_ISA_USAGE = YES_ERROR;
				CLANG_WARN_EMPTY_BODY = YES;
				CLANG_WARN_ENUM_CONVERSION = YES;
				CLANG_WARN_INT_CONVERSION = YES;
				CLANG_WARN_OBJC_ROOT_CLASS = YES_ERROR;
				CLANG_WARN_UNREACHABLE_CODE = YES;
				CLANG_WARN__DUPLICATE_METHOD_MATCH = YES;
				"CODE_SIGN_IDENTITY[sdk=iphoneos*]" = "iPhone Developer";
				COPY_PHASE_STRIP = NO;
				DEBUG_INFORMATION_FORMAT = "dwarf-with-dsym";
				ENABLE_NS_ASSERTIONS = NO;
				ENABLE_STRICT_OBJC_MSGSEND = YES;
				GCC_C_LANGUAGE_STANDARD = gnu99;
				GCC_NO_COMMON_BLOCKS = YES;
				GCC_WARN_64_TO_32_BIT_CONVERSION = YES;
				GCC_WARN_ABOUT_RETURN_TYPE = YES_ERROR;
				GCC_WARN_UNDECLARED_SELECTOR = YES;
				GCC_WARN_UNINITIALIZED_AUTOS = YES_AGGRESSIVE;
				GCC_WARN_UNUSED_FUNCTION = YES;
				GCC_WARN_UNUSED_VARIABLE = YES;
				IPHONEOS_DEPLOYMENT_TARGET = 8.4;
				MTL_ENABLE_DEBUG_INFO = NO;
				OTHER_LDFLAGS = "-ObjC";
				SDKROOT = iphoneos;
				TARGETED_DEVICE_FAMILY = "1,2";
				VALIDATE_PRODUCT = YES;
			};
			name = Release;
		};
		EB4706791B60301600CD1611 /* Debug */ = {
			isa = XCBuildConfiguration;
			baseConfigurationReference = 2AB93A3E031D2BED2A17EBB0 /* Pods.debug.xcconfig */;
			buildSettings = {
				ASSETCATALOG_COMPILER_APPICON_NAME = AppIcon;
				CODE_SIGN_IDENTITY = "iPhone Developer";
				INFOPLIST_FILE = Atlas/Info.plist;
				LD_RUNPATH_SEARCH_PATHS = "$(inherited) @executable_path/Frameworks";
				PRODUCT_NAME = "$(TARGET_NAME)";
			};
			name = Debug;
		};
		EB47067A1B60301600CD1611 /* Release */ = {
			isa = XCBuildConfiguration;
			baseConfigurationReference = 53ABC2457894E5C5759FF591 /* Pods.release.xcconfig */;
			buildSettings = {
				ASSETCATALOG_COMPILER_APPICON_NAME = AppIcon;
				CODE_SIGN_IDENTITY = "iPhone Developer";
				INFOPLIST_FILE = Atlas/Info.plist;
				LD_RUNPATH_SEARCH_PATHS = "$(inherited) @executable_path/Frameworks";
				PRODUCT_NAME = "$(TARGET_NAME)";
			};
			name = Release;
		};
		EB47067C1B60301600CD1611 /* Debug */ = {
			isa = XCBuildConfiguration;
			buildSettings = {
				BUNDLE_LOADER = "$(TEST_HOST)";
				FRAMEWORK_SEARCH_PATHS = (
					"$(SDKROOT)/Developer/Library/Frameworks",
					"$(inherited)",
				);
				GCC_PREPROCESSOR_DEFINITIONS = (
					"DEBUG=1",
					"$(inherited)",
				);
				INFOPLIST_FILE = AtlasTests/Info.plist;
				LD_RUNPATH_SEARCH_PATHS = "$(inherited) @executable_path/Frameworks @loader_path/Frameworks";
				PRODUCT_NAME = "$(TARGET_NAME)";
				TEST_HOST = "$(BUILT_PRODUCTS_DIR)/Atlas.app/Atlas";
			};
			name = Debug;
		};
		EB47067D1B60301600CD1611 /* Release */ = {
			isa = XCBuildConfiguration;
			buildSettings = {
				BUNDLE_LOADER = "$(TEST_HOST)";
				FRAMEWORK_SEARCH_PATHS = (
					"$(SDKROOT)/Developer/Library/Frameworks",
					"$(inherited)",
				);
				INFOPLIST_FILE = AtlasTests/Info.plist;
				LD_RUNPATH_SEARCH_PATHS = "$(inherited) @executable_path/Frameworks @loader_path/Frameworks";
				PRODUCT_NAME = "$(TARGET_NAME)";
				TEST_HOST = "$(BUILT_PRODUCTS_DIR)/Atlas.app/Atlas";
			};
			name = Release;
		};
/* End XCBuildConfiguration section */

/* Begin XCConfigurationList section */
		EB4706541B60301600CD1611 /* Build configuration list for PBXProject "Atlas" */ = {
			isa = XCConfigurationList;
			buildConfigurations = (
				EB4706761B60301600CD1611 /* Debug */,
				EB4706771B60301600CD1611 /* Release */,
			);
			defaultConfigurationIsVisible = 0;
			defaultConfigurationName = Release;
		};
		EB4706781B60301600CD1611 /* Build configuration list for PBXNativeTarget "Atlas" */ = {
			isa = XCConfigurationList;
			buildConfigurations = (
				EB4706791B60301600CD1611 /* Debug */,
				EB47067A1B60301600CD1611 /* Release */,
			);
			defaultConfigurationIsVisible = 0;
			defaultConfigurationName = Release;
		};
		EB47067B1B60301600CD1611 /* Build configuration list for PBXNativeTarget "AtlasTests" */ = {
			isa = XCConfigurationList;
			buildConfigurations = (
				EB47067C1B60301600CD1611 /* Debug */,
				EB47067D1B60301600CD1611 /* Release */,
			);
			defaultConfigurationIsVisible = 0;
			defaultConfigurationName = Release;
		};
/* End XCConfigurationList section */
	};
	rootObject = EB4706511B60301600CD1611 /* Project object */;
}
